{
  "version": 4,
  "terraform_version": "1.4.2",
  "serial": 5,
  "lineage": "68cc3da5-cfc7-6ebd-c5ba-2423983e3af6",
  "outputs": {},
  "resources": [
    {
      "mode": "managed",
      "type": "newrelic_synthetics_monitor",
      "name": "my-monitors",
      "provider": "provider[\"registry.terraform.io/newrelic/newrelic\"]",
      "instances": [
        {
          "index_key": "0",
          "schema_version": 0,
          "attributes": {
            "account_id": 4210388,
            "bypass_head_request": null,
            "custom_header": [],
            "device_orientation": "",
            "device_type": "",
            "enable_screenshot_on_failure_and_script": null,
            "id": "NDIxMDM4OHxTWU5USHxNT05JVE9SfGRiN2MzZTc5LWFlYzUtNDYzZS05NTBiLTZlNDYyNGFhMTZjNA",
            "locations_private": null,
            "locations_public": [
              "AP_SOUTH_1"
            ],
            "name": "This First Monitor",
            "period": "EVERY_MINUTE",
            "period_in_minutes": 1,
            "runtime_type": null,
            "runtime_type_version": null,
            "script_language": null,
            "status": "ENABLED",
            "tag": [],
            "treat_redirect_as_failure": null,
            "type": "SIMPLE",
            "uri": "https://www.one.newrelic.com",
            "validation_string": "",
            "verify_ssl": false
          },
          "sensitive_attributes": [],
          "private": "bnVsbA=="
        },
        {
          "index_key": "1",
          "schema_version": 0,
          "attributes": {
            "account_id": null,
            "bypass_head_request": null,
            "custom_header": [],
            "device_orientation": "",
            "device_type": "",
            "enable_screenshot_on_failure_and_script": null,
            "id": "NDIxMDM4OHxTWU5USHxNT05JVE9SfDM5Y2Y1NmI1LWY3Y2MtNDdkNS04N2Q3LTQ2OTJlY2MwYjVlYQ",
            "locations_private": null,
            "locations_public": [
              "AP_SOUTH_1"
            ],
            "name": "This second Monitor",
            "period": "EVERY_DAY",
            "period_in_minutes": 1440,
            "runtime_type": null,
            "runtime_type_version": null,
            "script_language": null,
            "status": "ENABLED",
            "tag": [],
            "treat_redirect_as_failure": null,
            "type": "BROWSER",
            "uri": "https://www.one.newrelic.com",
            "validation_string": "",
            "verify_ssl": false
          },
          "sensitive_attributes": [],
          "private": "bnVsbA=="
        }
      ]
    }
  ],
  "check_results": null
}
